# THIS IS AN AUTOGENERATED FILE. DO NOT EDIT THIS FILE DIRECTLY.
# yarn lockfile v1


js-image-zoom@^0.7.0:
  version "0.7.0"
  resolved "https://registry.yarnpkg.com/js-image-zoom/-/js-image-zoom-0.7.0.tgz#9cea6e7a4da1feae99e7433dc58fdc31f05a977f"
  integrity sha512-csvn2FmRLjVz5O9AtXGRPKy0Khfcf5n2Vuyg1NyOVylcjzJ6IKN60JmZ/d5rVQvMya9V6tqAaCqj/c20PlUYpQ==

zoom-image@^0.1.4:
  version "0.1.4"
  resolved "https://registry.yarnpkg.com/zoom-image/-/zoom-image-0.1.4.tgz#faaf0a8051bb6726be60cf3dd6a335ec73f1e969"
  integrity sha1-+q8KgFG7Zya+YM891qM17HPx6Wk=
